
Microsoft Visual Studio Solution File, Format Version 11.00
# Visual Studio 2010
Project("{FAE04EC0-301F-11D3-BF4B-00C04F79EFBC}") = "Space Shooter v3.0.2", "Assembly-CSharp.csproj", "{A356B97E-0D74-2B0A-AB1B-A28D69F72A9D}"
EndProject
Global
	GlobalSection(SolutionConfigurationPlatforms) = preSolution
		Debug|Any CPU = Debug|Any CPU
		Release|Any CPU = Release|Any CPU
	EndGlobalSection
	GlobalSection(ProjectConfigurationPlatforms) = postSolution
		{A356B97E-0D74-2B0A-AB1B-A28D69F72A9D}.Debug|Any CPU.ActiveCfg = Debug|Any CPU
		{A356B97E-0D74-2B0A-AB1B-A28D69F72A9D}.Debug|Any CPU.Build.0 = Debug|Any CPU
		{A356B97E-0D74-2B0A-AB1B-A28D69F72A9D}.Release|Any CPU.ActiveCfg = Release|Any CPU
		{A356B97E-0D74-2B0A-AB1B-A28D69F72A9D}.Release|Any CPU.Build.0 = Release|Any CPU
	EndGlobalSection
	GlobalSection(SolutionProperties) = preSolution
		HideSolutionNode = FALSE
	EndGlobalSection
	GlobalSection(MonoDevelopProperties) = preSolution
		StartupItem = Assembly-CSharp.csproj
	EndGlobalSection
EndGlobal
