
Microsoft Visual Studio Solution File, Format Version 11.00
# Visual Studio 2010
Project("{FAE04EC0-301F-11D3-BF4B-00C04F79EFBC}") = "Space Shooter v2.0.2", "Assembly-CSharp.csproj", "{7321FA6B-5B90-C9B4-8C7D-13144AA8DBA8}"
EndProject
Global
	GlobalSection(SolutionConfigurationPlatforms) = preSolution
		Debug|Any CPU = Debug|Any CPU
		Release|Any CPU = Release|Any CPU
	EndGlobalSection
	GlobalSection(ProjectConfigurationPlatforms) = postSolution
		{7321FA6B-5B90-C9B4-8C7D-13144AA8DBA8}.Debug|Any CPU.ActiveCfg = Debug|Any CPU
		{7321FA6B-5B90-C9B4-8C7D-13144AA8DBA8}.Debug|Any CPU.Build.0 = Debug|Any CPU
		{7321FA6B-5B90-C9B4-8C7D-13144AA8DBA8}.Release|Any CPU.ActiveCfg = Release|Any CPU
		{7321FA6B-5B90-C9B4-8C7D-13144AA8DBA8}.Release|Any CPU.Build.0 = Release|Any CPU
	EndGlobalSection
	GlobalSection(SolutionProperties) = preSolution
		HideSolutionNode = FALSE
	EndGlobalSection
	GlobalSection(MonoDevelopProperties) = preSolution
		StartupItem = Assembly-CSharp.csproj
	EndGlobalSection
EndGlobal
